{
  "name": "nd_3",
  "version": "1.0.0",
  "lockfileVersion": 1,
  "requires": true,
  "dependencies": {
    "systeminformation": {
      "version": "3.49.3",
      "resolved": "https://registry.npmjs.org/systeminformation/-/systeminformation-3.49.3.tgz",
      "integrity": "sha512-roqor9KpnGEzGdmw1i8uGiP5CEmX1vrmQQ5TRTCUVY9giARyxJTOqvg4vAaNtC5BiL5U5Xv38TbOYAG1zs/s4A=="
    }
  }
}
